<?xml version="1.0" encoding="UTF-8" standalone="yes" ?>
<CodeBlocks_project_file>
	<FileVersion major="1" minor="6" />
	<Project>
		<Option title="xueshen" />
		<Option platforms="Windows;" />
		<Option pch_mode="2" />
		<Option compiler="gcc" />
		<Option virtualFolders="headers\;" />
		<Build>
			<Target title="Release">
				<Option output="xueshen" prefix_auto="1" extension_auto="1" />
				<Option object_output="obj" />
				<Option type="0" />
				<Option compiler="gcc" />
				<Option parameters="-do=baboon " />
				<Option projectResourceIncludeDirsRelation="0" />
				<Compiler>
					<Add option="-ffast-math" />
					<Add option="-mfpmath=sse" />
					<Add option="-msse2" />
				</Compiler>
				<Linker>
					<Add option="-static-libgcc" />
					<Add option="-static" />
					<Add option="-Wl,--stack,8194304" />
					<Add library="C:/codeblocks17/MinGW/lib/libwldap32.a" />
					<Add library="C:/codeblocks17/MinGW/lib/libgdi32.a" />
					<Add library="C:/codeblocks17/MinGW/lib/libkernel32.a" />
					<Add library="C:/codeblocks17/MinGW/lib/libnetapi32.a" />
					<Add library="C:/codeblocks17/MinGW/lib/libuser32.a" />
					<Add library="C:/codeblocks17/MinGW/lib/libvfw32.a" />
					<Add library="C:/codeblocks17/MinGW/lib/libwinmm.a" />
					<Add library="C:/codeblocks17/MinGW/lib/libws2_32.a" />
					<Add library="C:/codeblocks17/MinGW/lib/libsecur32.a" />
					<Add library="C:/codeblocks17/MinGW/lib/libversion.a" />
					<Add library="C:/codeblocks17/MinGW/lib/libcrypt32.a" />
					<Add library="C:/codeblocks17/MinGW/lib/libsetupapi.a" />
					<Add library="C:/codeblocks17/MinGW/lib/libwinspool.a" />
				</Linker>
			</Target>
		</Build>
		<Compiler>
			<Add option="-Wextra" />
			<Add option="-Wall" />
			<Add option="-std=c99" />
			<Add option="-fpack-struct" />
			<Add directory="C:/codeblocks19/MinGW/include" />
		</Compiler>
		<Linker>
			<Add directory="C:/codeblocks19/MinGW/lib" />
		</Linker>
		<Unit filename="../web/aa_lib.js" />
		<Unit filename="../web/index.php" />
		<Unit filename="../web/manifest.php" />
		<Unit filename="../web/pcm-processor.js" />
		<Unit filename="../web/playback-processor.js" />
		<Unit filename="../web/src_four_2.js" />
		<Unit filename="../web/src_one.js" />
		<Unit filename="../web/src_three.js" />
		<Unit filename="../web/src_two.js" />
		<Unit filename="aa.c">
			<Option compilerVar="CC" />
		</Unit>
		<Unit filename="aa.h">
			<Option virtualFolder="headers/" />
		</Unit>
		<Unit filename="confy.txt">
			<Option virtualFolder="headers/" />
		</Unit>
		<Unit filename="source_app.c">
			<Option compilerVar="CC" />
		</Unit>
		<Unit filename="source_hdr.h">
			<Option virtualFolder="headers/" />
		</Unit>
		<Unit filename="src_app.c">
			<Option compilerVar="CC" />
			<Option compile="0" />
			<Option link="0" />
		</Unit>
		<Unit filename="src_audio.c">
			<Option compilerVar="CC" />
			<Option compile="0" />
			<Option link="0" />
		</Unit>
		<Unit filename="src_claude.c">
			<Option compilerVar="CC" />
			<Option compile="0" />
			<Option link="0" />
		</Unit>
		<Unit filename="src_code.c">
			<Option compilerVar="CC" />
			<Option compile="0" />
			<Option link="0" />
		</Unit>
		<Unit filename="src_fish.c">
			<Option compilerVar="CC" />
			<Option compile="0" />
			<Option link="0" />
		</Unit>
		<Unit filename="src_flux.c">
			<Option compilerVar="CC" />
			<Option compile="0" />
			<Option link="0" />
		</Unit>
		<Unit filename="src_goot.c">
			<Option compilerVar="CC" />
			<Option compile="0" />
			<Option link="0" />
		</Unit>
		<Unit filename="src_hdr.h">
			<Option virtualFolder="headers/" />
		</Unit>
		<Unit filename="src_inc.h">
			<Option virtualFolder="headers/" />
		</Unit>
		<Unit filename="src_phone.c">
			<Option compilerVar="CC" />
			<Option compile="0" />
			<Option link="0" />
		</Unit>
		<Unit filename="src_server.c">
			<Option compilerVar="CC" />
			<Option compile="0" />
			<Option link="0" />
		</Unit>
		<Unit filename="src_sesh.c">
			<Option compilerVar="CC" />
			<Option compile="0" />
			<Option link="0" />
		</Unit>
		<Unit filename="stuff.rc">
			<Option compilerVar="WINDRES" />
			<Option virtualFolder="headers/" />
		</Unit>
		<Extensions>
			<lib_finder disable_auto="1" />
			<wxsmith version="1">
				<gui name="wxWidgets" src="" main="" init_handlers="necessary" language="CPP" />
			</wxsmith>
			<code_completion />
			<envvars />
			<debugger />
		</Extensions>
	</Project>
</CodeBlocks_project_file>
